github.com/AldieNightStar/golisper v0.0.0-20220612181513-c51f537c20b6 h1:jK/f4Si9XzqNA18Ij1Iyjzf9Vca6Lg5Fze0aLfa8M7k=
github.com/AldieNightStar/golisper v0.0.0-20220612181513-c51f537c20b6/go.mod h1:G+Pp1LBNxLCL/ASWfEEXq5CHLAf1dhORzQQAdGDiwkg=
github.com/AldieNightStar/golisper v0.0.0-20220613103059-91b56364493a h1:EtReFV/TesP8CaIHsgVUglfO702xp6/pWdrViFhBn6k=
github.com/AldieNightStar/golisper v0.0.0-20220613103059-91b56364493a/go.mod h1:G+Pp1LBNxLCL/ASWfEEXq5CHLAf1dhORzQQAdGDiwkg=
